{
  "nodes": {
    "brubsby-nixpkgs-github-yafu": {
      "locked": {
        "lastModified": 1764249748,
        "narHash": "sha256-CPc6sbGUvM37aj8f+R34AvDL0ohuofY8oGnDgj/ToQ0=",
        "owner": "brubsby",
        "repo": "nixpkgs",
        "rev": "a379c736792f906bcfb5b507f20056b730567f07",
        "type": "github"
      },
      "original": {
        "owner": "brubsby",
        "ref": "yafu",
        "repo": "nixpkgs",
        "type": "github"
      }
    },
    "brubsby-nixpkgs-local": {
      "locked": {
        "lastModified": 1764286672,
        "narHash": "sha256-KmwVCM1jJuCGpDyX3Q2CwJ0TZVgoaJgiSvG9ImcJlas=",
        "path": "/home/tbusby/Repos/nixpkgs",
        "type": "path"
      },
      "original": {
        "path": "/home/tbusby/Repos/nixpkgs",
        "type": "path"
      }
    },
    "home-manager": {
      "inputs": {
        "nixpkgs": [
          "nixpkgs"
        ]
      },
      "locked": {
        "lastModified": 1764194569,
        "narHash": "sha256-iUM9ktarEzThkayyZrzQ7oycPshAY2XRQqVKz0xX/L0=",
        "owner": "nix-community",
        "repo": "home-manager",
        "rev": "9651819d75f6c7ffaf8a9227490ac704f29659f0",
        "type": "github"
      },
      "original": {
        "owner": "nix-community",
        "repo": "home-manager",
        "type": "github"
      }
    },
    "nixos-hardware": {
      "locked": {
        "lastModified": 1764080039,
        "narHash": "sha256-b1MtLQsQc4Ji1u08f+C6g5XrmLPkJQ1fhNkCt+0AERQ=",
        "owner": "NixOS",
        "repo": "nixos-hardware",
        "rev": "da17006633ca9cda369be82893ae36824a2ddf1a",
        "type": "github"
      },
      "original": {
        "owner": "NixOS",
        "ref": "master",
        "repo": "nixos-hardware",
        "type": "github"
      }
    },
    "nixpkgs": {
      "locked": {
        "lastModified": 1763966396,
        "narHash": "sha256-6eeL1YPcY1MV3DDStIDIdy/zZCDKgHdkCmsrLJFiZf0=",
        "owner": "nixos",
        "repo": "nixpkgs",
        "rev": "5ae3b07d8d6527c42f17c876e404993199144b6a",
        "type": "github"
      },
      "original": {
        "owner": "nixos",
        "ref": "nixos-unstable",
        "repo": "nixpkgs",
        "type": "github"
      }
    },
    "root": {
      "inputs": {
        "brubsby-nixpkgs-github-yafu": "brubsby-nixpkgs-github-yafu",
        "brubsby-nixpkgs-local": "brubsby-nixpkgs-local",
        "home-manager": "home-manager",
        "nixos-hardware": "nixos-hardware",
        "nixpkgs": "nixpkgs",
        "sops-nix": "sops-nix",
        "treefmt-nix": "treefmt-nix"
      }
    },
    "sops-nix": {
      "inputs": {
        "nixpkgs": [
          "nixpkgs"
        ]
      },
      "locked": {
        "lastModified": 1764021963,
        "narHash": "sha256-1m84V2ROwNEbqeS9t37/mkry23GBhfMt8qb6aHHmjuc=",
        "owner": "Mic92",
        "repo": "sops-nix",
        "rev": "c482a1c1bbe030be6688ed7dc84f7213f304f1ec",
        "type": "github"
      },
      "original": {
        "owner": "Mic92",
        "repo": "sops-nix",
        "type": "github"
      }
    },
    "treefmt-nix": {
      "inputs": {
        "nixpkgs": [
          "nixpkgs"
        ]
      },
      "locked": {
        "lastModified": 1762938485,
        "narHash": "sha256-AlEObg0syDl+Spi4LsZIBrjw+snSVU4T8MOeuZJUJjM=",
        "owner": "numtide",
        "repo": "treefmt-nix",
        "rev": "5b4ee75aeefd1e2d5a1cc43cf6ba65eba75e83e4",
        "type": "github"
      },
      "original": {
        "owner": "numtide",
        "repo": "treefmt-nix",
        "type": "github"
      }
    }
  },
  "root": "root",
  "version": 7
}
